
Microsoft Visual Studio Solution File, Format Version 12.00
# Visual Studio 15
VisualStudioVersion = 15.0.26730.10
MinimumVisualStudioVersion = 10.0.40219.1

Project("{6EC3EE1D-3C4E-46DD-8F32-0CC8E7565705}") = "SqueakyApp", "SqueakyApp\SqueakyApp.fsproj", "{AE244003-84AA-4E06-B25D-A139868910F5}"
EndProject

Project("{F2A71F9B-5D33-465A-A702-920D77279786}") = "SqueakyApp.Android", "SqueakyApp.Android\SqueakyApp.Android.fsproj", "{8038DF65-AA47-456C-8090-A42FA8F7CC87}"
EndProject


Project("{F2A71F9B-5D33-465A-A702-920D77279786}") = "SqueakyApp.iOS", "SqueakyApp.iOS\SqueakyApp.iOS.fsproj", "{0FB86EF2-B4A6-473A-AC04-263322654845}"
EndProject

Project("{F2A71F9B-5D33-465A-A702-920D77279786}") = "SqueakyApp.macOS", "SqueakyApp.macOS\SqueakyApp.macOS.fsproj", "{1A770BBE-845D-499B-939F-82A1869DA69C}"
EndProject


Project("{FAE04EC0-301F-11D3-BF4B-00C04F79EFBC}") = "SqueakyApp.UWP", "SqueakyApp.UWP\SqueakyApp.UWP.csproj", "{3D94361B-5168-452B-8407-9DD199DE20C4}"
EndProject

Global
	GlobalSection(SolutionConfigurationPlatforms) = preSolution
		Ad-Hoc|Any CPU = Ad-Hoc|Any CPU
		Ad-Hoc|ARM = Ad-Hoc|ARM
		Ad-Hoc|iPhone = Ad-Hoc|iPhone
		Ad-Hoc|iPhoneSimulator = Ad-Hoc|iPhoneSimulator
		Ad-Hoc|x64 = Ad-Hoc|x64
		Ad-Hoc|x86 = Ad-Hoc|x86
		AppStore|Any CPU = AppStore|Any CPU
		AppStore|ARM = AppStore|ARM
		AppStore|iPhone = AppStore|iPhone
		AppStore|iPhoneSimulator = AppStore|iPhoneSimulator
		AppStore|x64 = AppStore|x64
		AppStore|x86 = AppStore|x86
		Debug|Any CPU = Debug|Any CPU
		Debug|ARM = Debug|ARM
		Debug|iPhone = Debug|iPhone
		Debug|iPhoneSimulator = Debug|iPhoneSimulator
		Debug|x64 = Debug|x64
		Debug|x86 = Debug|x86
		Release|Any CPU = Release|Any CPU
		Release|ARM = Release|ARM
		Release|iPhone = Release|iPhone
		Release|iPhoneSimulator = Release|iPhoneSimulator
		Release|x64 = Release|x64
		Release|x86 = Release|x86
	EndGlobalSection
	GlobalSection(ProjectConfigurationPlatforms) = postSolution
		{AE244003-84AA-4E06-B25D-A139868910F5}.Ad-Hoc|Any CPU.ActiveCfg = Debug|Any CPU
		{AE244003-84AA-4E06-B25D-A139868910F5}.Ad-Hoc|Any CPU.Build.0 = Debug|Any CPU
		{AE244003-84AA-4E06-B25D-A139868910F5}.Ad-Hoc|ARM.ActiveCfg = Debug|Any CPU
		{AE244003-84AA-4E06-B25D-A139868910F5}.Ad-Hoc|ARM.Build.0 = Debug|Any CPU
		{AE244003-84AA-4E06-B25D-A139868910F5}.Ad-Hoc|iPhone.ActiveCfg = Debug|Any CPU
		{AE244003-84AA-4E06-B25D-A139868910F5}.Ad-Hoc|iPhone.Build.0 = Debug|Any CPU
		{AE244003-84AA-4E06-B25D-A139868910F5}.Ad-Hoc|iPhoneSimulator.ActiveCfg = Debug|Any CPU
		{AE244003-84AA-4E06-B25D-A139868910F5}.Ad-Hoc|iPhoneSimulator.Build.0 = Debug|Any CPU
		{AE244003-84AA-4E06-B25D-A139868910F5}.Ad-Hoc|x64.ActiveCfg = Debug|Any CPU
		{AE244003-84AA-4E06-B25D-A139868910F5}.Ad-Hoc|x64.Build.0 = Debug|Any CPU
		{AE244003-84AA-4E06-B25D-A139868910F5}.Ad-Hoc|x86.ActiveCfg = Debug|Any CPU
		{AE244003-84AA-4E06-B25D-A139868910F5}.Ad-Hoc|x86.Build.0 = Debug|Any CPU
		{AE244003-84AA-4E06-B25D-A139868910F5}.AppStore|Any CPU.ActiveCfg = Debug|Any CPU
		{AE244003-84AA-4E06-B25D-A139868910F5}.AppStore|Any CPU.Build.0 = Debug|Any CPU
		{AE244003-84AA-4E06-B25D-A139868910F5}.AppStore|ARM.ActiveCfg = Debug|Any CPU
		{AE244003-84AA-4E06-B25D-A139868910F5}.AppStore|ARM.Build.0 = Debug|Any CPU
		{AE244003-84AA-4E06-B25D-A139868910F5}.AppStore|iPhone.ActiveCfg = Debug|Any CPU
		{AE244003-84AA-4E06-B25D-A139868910F5}.AppStore|iPhone.Build.0 = Debug|Any CPU
		{AE244003-84AA-4E06-B25D-A139868910F5}.AppStore|iPhoneSimulator.ActiveCfg = Debug|Any CPU
		{AE244003-84AA-4E06-B25D-A139868910F5}.AppStore|iPhoneSimulator.Build.0 = Debug|Any CPU
		{AE244003-84AA-4E06-B25D-A139868910F5}.AppStore|x64.ActiveCfg = Debug|Any CPU
		{AE244003-84AA-4E06-B25D-A139868910F5}.AppStore|x64.Build.0 = Debug|Any CPU
		{AE244003-84AA-4E06-B25D-A139868910F5}.AppStore|x86.ActiveCfg = Debug|Any CPU
		{AE244003-84AA-4E06-B25D-A139868910F5}.AppStore|x86.Build.0 = Debug|Any CPU
		{AE244003-84AA-4E06-B25D-A139868910F5}.Debug|Any CPU.ActiveCfg = Debug|Any CPU
		{AE244003-84AA-4E06-B25D-A139868910F5}.Debug|Any CPU.Build.0 = Debug|Any CPU
		{AE244003-84AA-4E06-B25D-A139868910F5}.Debug|ARM.ActiveCfg = Debug|Any CPU
		{AE244003-84AA-4E06-B25D-A139868910F5}.Debug|ARM.Build.0 = Debug|Any CPU
		{AE244003-84AA-4E06-B25D-A139868910F5}.Debug|iPhone.ActiveCfg = Debug|Any CPU
		{AE244003-84AA-4E06-B25D-A139868910F5}.Debug|iPhone.Build.0 = Debug|Any CPU
		{AE244003-84AA-4E06-B25D-A139868910F5}.Debug|iPhoneSimulator.ActiveCfg = Debug|Any CPU
		{AE244003-84AA-4E06-B25D-A139868910F5}.Debug|iPhoneSimulator.Build.0 = Debug|Any CPU
		{AE244003-84AA-4E06-B25D-A139868910F5}.Debug|x64.ActiveCfg = Debug|Any CPU
		{AE244003-84AA-4E06-B25D-A139868910F5}.Debug|x64.Build.0 = Debug|Any CPU
		{AE244003-84AA-4E06-B25D-A139868910F5}.Debug|x86.ActiveCfg = Debug|Any CPU
		{AE244003-84AA-4E06-B25D-A139868910F5}.Debug|x86.Build.0 = Debug|Any CPU
		{AE244003-84AA-4E06-B25D-A139868910F5}.Release|Any CPU.ActiveCfg = Release|Any CPU
		{AE244003-84AA-4E06-B25D-A139868910F5}.Release|Any CPU.Build.0 = Release|Any CPU
		{AE244003-84AA-4E06-B25D-A139868910F5}.Release|ARM.ActiveCfg = Release|Any CPU
		{AE244003-84AA-4E06-B25D-A139868910F5}.Release|ARM.Build.0 = Release|Any CPU
		{AE244003-84AA-4E06-B25D-A139868910F5}.Release|iPhone.ActiveCfg = Release|Any CPU
		{AE244003-84AA-4E06-B25D-A139868910F5}.Release|iPhone.Build.0 = Release|Any CPU
		{AE244003-84AA-4E06-B25D-A139868910F5}.Release|iPhoneSimulator.ActiveCfg = Release|Any CPU
		{AE244003-84AA-4E06-B25D-A139868910F5}.Release|iPhoneSimulator.Build.0 = Release|Any CPU
		{AE244003-84AA-4E06-B25D-A139868910F5}.Release|x64.ActiveCfg = Release|Any CPU
		{AE244003-84AA-4E06-B25D-A139868910F5}.Release|x64.Build.0 = Release|Any CPU
		{AE244003-84AA-4E06-B25D-A139868910F5}.Release|x86.ActiveCfg = Release|Any CPU
		{AE244003-84AA-4E06-B25D-A139868910F5}.Release|x86.Build.0 = Release|Any CPU
		{0FB86EF2-B4A6-473A-AC04-263322654845}.Ad-Hoc|Any CPU.ActiveCfg = Ad-Hoc|iPhone
		{0FB86EF2-B4A6-473A-AC04-263322654845}.Ad-Hoc|ARM.ActiveCfg = Ad-Hoc|iPhone
		{0FB86EF2-B4A6-473A-AC04-263322654845}.Ad-Hoc|iPhone.ActiveCfg = Ad-Hoc|iPhone
		{0FB86EF2-B4A6-473A-AC04-263322654845}.Ad-Hoc|iPhone.Build.0 = Ad-Hoc|iPhone
		{0FB86EF2-B4A6-473A-AC04-263322654845}.Ad-Hoc|iPhoneSimulator.ActiveCfg = Ad-Hoc|iPhoneSimulator
		{0FB86EF2-B4A6-473A-AC04-263322654845}.Ad-Hoc|iPhoneSimulator.Build.0 = Ad-Hoc|iPhoneSimulator
		{0FB86EF2-B4A6-473A-AC04-263322654845}.Ad-Hoc|x64.ActiveCfg = Ad-Hoc|iPhone
		{0FB86EF2-B4A6-473A-AC04-263322654845}.Ad-Hoc|x86.ActiveCfg = Ad-Hoc|iPhone
		{0FB86EF2-B4A6-473A-AC04-263322654845}.AppStore|Any CPU.ActiveCfg = AppStore|iPhone
		{0FB86EF2-B4A6-473A-AC04-263322654845}.AppStore|ARM.ActiveCfg = AppStore|iPhone
		{0FB86EF2-B4A6-473A-AC04-263322654845}.AppStore|iPhone.ActiveCfg = AppStore|iPhone
		{0FB86EF2-B4A6-473A-AC04-263322654845}.AppStore|iPhone.Build.0 = AppStore|iPhone
		{0FB86EF2-B4A6-473A-AC04-263322654845}.AppStore|iPhoneSimulator.ActiveCfg = AppStore|iPhoneSimulator
		{0FB86EF2-B4A6-473A-AC04-263322654845}.AppStore|iPhoneSimulator.Build.0 = AppStore|iPhoneSimulator
		{0FB86EF2-B4A6-473A-AC04-263322654845}.AppStore|x64.ActiveCfg = AppStore|iPhone
		{0FB86EF2-B4A6-473A-AC04-263322654845}.AppStore|x86.ActiveCfg = AppStore|iPhone
		{0FB86EF2-B4A6-473A-AC04-263322654845}.Debug|Any CPU.ActiveCfg = Debug|iPhone
		{0FB86EF2-B4A6-473A-AC04-263322654845}.Debug|ARM.ActiveCfg = Debug|iPhone
		{0FB86EF2-B4A6-473A-AC04-263322654845}.Debug|iPhone.ActiveCfg = Debug|iPhone
		{0FB86EF2-B4A6-473A-AC04-263322654845}.Debug|iPhone.Build.0 = Debug|iPhone
		{0FB86EF2-B4A6-473A-AC04-263322654845}.Debug|iPhoneSimulator.ActiveCfg = Debug|iPhoneSimulator
		{0FB86EF2-B4A6-473A-AC04-263322654845}.Debug|iPhoneSimulator.Build.0 = Debug|iPhoneSimulator
		{0FB86EF2-B4A6-473A-AC04-263322654845}.Debug|x64.ActiveCfg = Debug|iPhone
		{0FB86EF2-B4A6-473A-AC04-263322654845}.Debug|x86.ActiveCfg = Debug|iPhone
		{0FB86EF2-B4A6-473A-AC04-263322654845}.Release|Any CPU.ActiveCfg = Release|iPhone
		{0FB86EF2-B4A6-473A-AC04-263322654845}.Release|ARM.ActiveCfg = Release|iPhone
		{0FB86EF2-B4A6-473A-AC04-263322654845}.Release|iPhone.ActiveCfg = Release|iPhone
		{0FB86EF2-B4A6-473A-AC04-263322654845}.Release|iPhone.Build.0 = Release|iPhone
		{0FB86EF2-B4A6-473A-AC04-263322654845}.Release|iPhoneSimulator.ActiveCfg = Release|iPhoneSimulator
		{0FB86EF2-B4A6-473A-AC04-263322654845}.Release|iPhoneSimulator.Build.0 = Release|iPhoneSimulator
		{0FB86EF2-B4A6-473A-AC04-263322654845}.Release|x64.ActiveCfg = Release|iPhone
		{0FB86EF2-B4A6-473A-AC04-263322654845}.Release|x86.ActiveCfg = Release|iPhone
		{9A9078B5-729B-4BD5-90AB-717C7849C931}.Ad-Hoc|Any CPU.ActiveCfg = Release|x86
		{9A9078B5-729B-4BD5-90AB-717C7849C931}.Ad-Hoc|Any CPU.Build.0 = Release|x86
		{9A9078B5-729B-4BD5-90AB-717C7849C931}.Ad-Hoc|Any CPU.Deploy.0 = Release|x86
		{9A9078B5-729B-4BD5-90AB-717C7849C931}.Ad-Hoc|ARM.ActiveCfg = Release|ARM
		{9A9078B5-729B-4BD5-90AB-717C7849C931}.Ad-Hoc|ARM.Build.0 = Release|ARM
		{9A9078B5-729B-4BD5-90AB-717C7849C931}.Ad-Hoc|ARM.Deploy.0 = Release|ARM
		{9A9078B5-729B-4BD5-90AB-717C7849C931}.Ad-Hoc|iPhone.ActiveCfg = Release|x86
		{9A9078B5-729B-4BD5-90AB-717C7849C931}.Ad-Hoc|iPhone.Build.0 = Release|x86
		{9A9078B5-729B-4BD5-90AB-717C7849C931}.Ad-Hoc|iPhone.Deploy.0 = Release|x86
		{9A9078B5-729B-4BD5-90AB-717C7849C931}.Ad-Hoc|iPhoneSimulator.ActiveCfg = Release|x86
		{9A9078B5-729B-4BD5-90AB-717C7849C931}.Ad-Hoc|iPhoneSimulator.Build.0 = Release|x86
		{9A9078B5-729B-4BD5-90AB-717C7849C931}.Ad-Hoc|iPhoneSimulator.Deploy.0 = Release|x86
		{9A9078B5-729B-4BD5-90AB-717C7849C931}.Ad-Hoc|x64.ActiveCfg = Release|x64
		{9A9078B5-729B-4BD5-90AB-717C7849C931}.Ad-Hoc|x64.Build.0 = Release|x64
		{9A9078B5-729B-4BD5-90AB-717C7849C931}.Ad-Hoc|x64.Deploy.0 = Release|x64
		{9A9078B5-729B-4BD5-90AB-717C7849C931}.Ad-Hoc|x86.ActiveCfg = Release|x86
		{9A9078B5-729B-4BD5-90AB-717C7849C931}.Ad-Hoc|x86.Build.0 = Release|x86
		{9A9078B5-729B-4BD5-90AB-717C7849C931}.Ad-Hoc|x86.Deploy.0 = Release|x86
		{9A9078B5-729B-4BD5-90AB-717C7849C931}.AppStore|Any CPU.ActiveCfg = Release|x86
		{9A9078B5-729B-4BD5-90AB-717C7849C931}.AppStore|Any CPU.Build.0 = Release|x86
		{9A9078B5-729B-4BD5-90AB-717C7849C931}.AppStore|Any CPU.Deploy.0 = Release|x86
		{9A9078B5-729B-4BD5-90AB-717C7849C931}.AppStore|ARM.ActiveCfg = Release|ARM
		{9A9078B5-729B-4BD5-90AB-717C7849C931}.AppStore|ARM.Build.0 = Release|ARM
		{9A9078B5-729B-4BD5-90AB-717C7849C931}.AppStore|ARM.Deploy.0 = Release|ARM
		{9A9078B5-729B-4BD5-90AB-717C7849C931}.AppStore|iPhone.ActiveCfg = Release|x86
		{9A9078B5-729B-4BD5-90AB-717C7849C931}.AppStore|iPhone.Build.0 = Release|x86
		{9A9078B5-729B-4BD5-90AB-717C7849C931}.AppStore|iPhone.Deploy.0 = Release|x86
		{9A9078B5-729B-4BD5-90AB-717C7849C931}.AppStore|iPhoneSimulator.ActiveCfg = Release|x86
		{9A9078B5-729B-4BD5-90AB-717C7849C931}.AppStore|iPhoneSimulator.Build.0 = Release|x86
		{9A9078B5-729B-4BD5-90AB-717C7849C931}.AppStore|iPhoneSimulator.Deploy.0 = Release|x86
		{9A9078B5-729B-4BD5-90AB-717C7849C931}.AppStore|x64.ActiveCfg = Release|x64
		{9A9078B5-729B-4BD5-90AB-717C7849C931}.AppStore|x64.Build.0 = Release|x64
		{9A9078B5-729B-4BD5-90AB-717C7849C931}.AppStore|x64.Deploy.0 = Release|x64
		{9A9078B5-729B-4BD5-90AB-717C7849C931}.AppStore|x86.ActiveCfg = Release|x86
		{9A9078B5-729B-4BD5-90AB-717C7849C931}.AppStore|x86.Build.0 = Release|x86
		{9A9078B5-729B-4BD5-90AB-717C7849C931}.AppStore|x86.Deploy.0 = Release|x86
		{9A9078B5-729B-4BD5-90AB-717C7849C931}.Debug|Any CPU.ActiveCfg = Debug|x86
		{9A9078B5-729B-4BD5-90AB-717C7849C931}.Debug|ARM.ActiveCfg = Debug|ARM
		{9A9078B5-729B-4BD5-90AB-717C7849C931}.Debug|ARM.Build.0 = Debug|ARM
		{9A9078B5-729B-4BD5-90AB-717C7849C931}.Debug|ARM.Deploy.0 = Debug|ARM
		{9A9078B5-729B-4BD5-90AB-717C7849C931}.Debug|iPhone.ActiveCfg = Debug|x86
		{9A9078B5-729B-4BD5-90AB-717C7849C931}.Debug|iPhoneSimulator.ActiveCfg = Debug|x86
		{9A9078B5-729B-4BD5-90AB-717C7849C931}.Debug|x64.ActiveCfg = Debug|x64
		{9A9078B5-729B-4BD5-90AB-717C7849C931}.Debug|x64.Build.0 = Debug|x64
		{9A9078B5-729B-4BD5-90AB-717C7849C931}.Debug|x64.Deploy.0 = Debug|x64
		{9A9078B5-729B-4BD5-90AB-717C7849C931}.Debug|x86.ActiveCfg = Debug|x86
		{9A9078B5-729B-4BD5-90AB-717C7849C931}.Debug|x86.Build.0 = Debug|x86
		{9A9078B5-729B-4BD5-90AB-717C7849C931}.Debug|x86.Deploy.0 = Debug|x86
		{9A9078B5-729B-4BD5-90AB-717C7849C931}.Release|Any CPU.ActiveCfg = Release|x86
		{9A9078B5-729B-4BD5-90AB-717C7849C931}.Release|ARM.ActiveCfg = Release|ARM
		{9A9078B5-729B-4BD5-90AB-717C7849C931}.Release|ARM.Build.0 = Release|ARM
		{9A9078B5-729B-4BD5-90AB-717C7849C931}.Release|ARM.Deploy.0 = Release|ARM
		{9A9078B5-729B-4BD5-90AB-717C7849C931}.Release|iPhone.ActiveCfg = Release|x86
		{9A9078B5-729B-4BD5-90AB-717C7849C931}.Release|iPhoneSimulator.ActiveCfg = Release|x86
		{9A9078B5-729B-4BD5-90AB-717C7849C931}.Release|x64.ActiveCfg = Release|x64
		{9A9078B5-729B-4BD5-90AB-717C7849C931}.Release|x64.Build.0 = Release|x64
		{9A9078B5-729B-4BD5-90AB-717C7849C931}.Release|x64.Deploy.0 = Release|x64
		{9A9078B5-729B-4BD5-90AB-717C7849C931}.Release|x86.ActiveCfg = Release|x86
		{9A9078B5-729B-4BD5-90AB-717C7849C931}.Release|x86.Build.0 = Release|x86
		{9A9078B5-729B-4BD5-90AB-717C7849C931}.Release|x86.Deploy.0 = Release|x86
		{1A770BBE-845D-499B-939F-82A1869DA69C}.Ad-Hoc|Any CPU.ActiveCfg = Release|Any CPU
		{1A770BBE-845D-499B-939F-82A1869DA69C}.Ad-Hoc|Any CPU.Build.0 = Release|Any CPU
		{1A770BBE-845D-499B-939F-82A1869DA69C}.Ad-Hoc|ARM.ActiveCfg = Release|Any CPU
		{1A770BBE-845D-499B-939F-82A1869DA69C}.Ad-Hoc|ARM.Build.0 = Release|Any CPU
		{1A770BBE-845D-499B-939F-82A1869DA69C}.Ad-Hoc|iPhone.ActiveCfg = Release|Any CPU
		{1A770BBE-845D-499B-939F-82A1869DA69C}.Ad-Hoc|iPhone.Build.0 = Release|Any CPU
		{1A770BBE-845D-499B-939F-82A1869DA69C}.Ad-Hoc|iPhoneSimulator.ActiveCfg = Release|Any CPU
		{1A770BBE-845D-499B-939F-82A1869DA69C}.Ad-Hoc|iPhoneSimulator.Build.0 = Release|Any CPU
		{1A770BBE-845D-499B-939F-82A1869DA69C}.Ad-Hoc|x64.ActiveCfg = Release|Any CPU
		{1A770BBE-845D-499B-939F-82A1869DA69C}.Ad-Hoc|x64.Build.0 = Release|Any CPU
		{1A770BBE-845D-499B-939F-82A1869DA69C}.Ad-Hoc|x86.ActiveCfg = Release|Any CPU
		{1A770BBE-845D-499B-939F-82A1869DA69C}.Ad-Hoc|x86.Build.0 = Release|Any CPU
		{1A770BBE-845D-499B-939F-82A1869DA69C}.AppStore|Any CPU.ActiveCfg = Release|Any CPU
		{1A770BBE-845D-499B-939F-82A1869DA69C}.AppStore|Any CPU.Build.0 = Release|Any CPU
		{1A770BBE-845D-499B-939F-82A1869DA69C}.AppStore|ARM.ActiveCfg = Release|Any CPU
		{1A770BBE-845D-499B-939F-82A1869DA69C}.AppStore|ARM.Build.0 = Release|Any CPU
		{1A770BBE-845D-499B-939F-82A1869DA69C}.AppStore|iPhone.ActiveCfg = Release|Any CPU
		{1A770BBE-845D-499B-939F-82A1869DA69C}.AppStore|iPhone.Build.0 = Release|Any CPU
		{1A770BBE-845D-499B-939F-82A1869DA69C}.AppStore|iPhoneSimulator.ActiveCfg = Release|Any CPU
		{1A770BBE-845D-499B-939F-82A1869DA69C}.AppStore|iPhoneSimulator.Build.0 = Release|Any CPU
		{1A770BBE-845D-499B-939F-82A1869DA69C}.AppStore|x64.ActiveCfg = Release|Any CPU
		{1A770BBE-845D-499B-939F-82A1869DA69C}.AppStore|x64.Build.0 = Release|Any CPU
		{1A770BBE-845D-499B-939F-82A1869DA69C}.AppStore|x86.ActiveCfg = Release|Any CPU
		{1A770BBE-845D-499B-939F-82A1869DA69C}.AppStore|x86.Build.0 = Release|Any CPU
		{1A770BBE-845D-499B-939F-82A1869DA69C}.Debug|Any CPU.ActiveCfg = Debug|Any CPU
		{1A770BBE-845D-499B-939F-82A1869DA69C}.Debug|Any CPU.Build.0 = Debug|Any CPU
		{1A770BBE-845D-499B-939F-82A1869DA69C}.Debug|ARM.ActiveCfg = Debug|Any CPU
		{1A770BBE-845D-499B-939F-82A1869DA69C}.Debug|ARM.Build.0 = Debug|Any CPU
		{1A770BBE-845D-499B-939F-82A1869DA69C}.Debug|iPhone.ActiveCfg = Debug|Any CPU
		{1A770BBE-845D-499B-939F-82A1869DA69C}.Debug|iPhone.Build.0 = Debug|Any CPU
		{1A770BBE-845D-499B-939F-82A1869DA69C}.Debug|iPhoneSimulator.ActiveCfg = Debug|Any CPU
		{1A770BBE-845D-499B-939F-82A1869DA69C}.Debug|iPhoneSimulator.Build.0 = Debug|Any CPU
		{1A770BBE-845D-499B-939F-82A1869DA69C}.Debug|x64.ActiveCfg = Debug|Any CPU
		{1A770BBE-845D-499B-939F-82A1869DA69C}.Debug|x64.Build.0 = Debug|Any CPU
		{1A770BBE-845D-499B-939F-82A1869DA69C}.Debug|x86.ActiveCfg = Debug|Any CPU
		{1A770BBE-845D-499B-939F-82A1869DA69C}.Debug|x86.Build.0 = Debug|Any CPU
		{1A770BBE-845D-499B-939F-82A1869DA69C}.Release|Any CPU.ActiveCfg = Release|Any CPU
		{1A770BBE-845D-499B-939F-82A1869DA69C}.Release|Any CPU.Build.0 = Release|Any CPU
		{1A770BBE-845D-499B-939F-82A1869DA69C}.Release|ARM.ActiveCfg = Release|Any CPU
		{1A770BBE-845D-499B-939F-82A1869DA69C}.Release|ARM.Build.0 = Release|Any CPU
		{1A770BBE-845D-499B-939F-82A1869DA69C}.Release|iPhone.ActiveCfg = Release|Any CPU
		{1A770BBE-845D-499B-939F-82A1869DA69C}.Release|iPhone.Build.0 = Release|Any CPU
		{1A770BBE-845D-499B-939F-82A1869DA69C}.Release|iPhoneSimulator.ActiveCfg = Release|Any CPU
		{1A770BBE-845D-499B-939F-82A1869DA69C}.Release|iPhoneSimulator.Build.0 = Release|Any CPU
		{1A770BBE-845D-499B-939F-82A1869DA69C}.Release|x64.ActiveCfg = Release|Any CPU
		{1A770BBE-845D-499B-939F-82A1869DA69C}.Release|x64.Build.0 = Release|Any CPU
		{1A770BBE-845D-499B-939F-82A1869DA69C}.Release|x86.ActiveCfg = Release|Any CPU
		{1A770BBE-845D-499B-939F-82A1869DA69C}.Release|x86.Build.0 = Release|Any CPU
		{192F4671-043C-4A12-8F59-3D3E3ED85A25}.Ad-Hoc|Any CPU.ActiveCfg = Release|Any CPU
		{192F4671-043C-4A12-8F59-3D3E3ED85A25}.Ad-Hoc|Any CPU.Build.0 = Release|Any CPU
		{192F4671-043C-4A12-8F59-3D3E3ED85A25}.Ad-Hoc|ARM.ActiveCfg = Release|Any CPU
		{192F4671-043C-4A12-8F59-3D3E3ED85A25}.Ad-Hoc|ARM.Build.0 = Release|Any CPU
		{192F4671-043C-4A12-8F59-3D3E3ED85A25}.Ad-Hoc|iPhone.ActiveCfg = Release|Any CPU
		{192F4671-043C-4A12-8F59-3D3E3ED85A25}.Ad-Hoc|iPhone.Build.0 = Release|Any CPU
		{192F4671-043C-4A12-8F59-3D3E3ED85A25}.Ad-Hoc|iPhoneSimulator.ActiveCfg = Release|Any CPU
		{192F4671-043C-4A12-8F59-3D3E3ED85A25}.Ad-Hoc|iPhoneSimulator.Build.0 = Release|Any CPU
		{192F4671-043C-4A12-8F59-3D3E3ED85A25}.Ad-Hoc|x64.ActiveCfg = Release|Any CPU
		{192F4671-043C-4A12-8F59-3D3E3ED85A25}.Ad-Hoc|x64.Build.0 = Release|Any CPU
		{192F4671-043C-4A12-8F59-3D3E3ED85A25}.Ad-Hoc|x86.ActiveCfg = Release|Any CPU
		{192F4671-043C-4A12-8F59-3D3E3ED85A25}.Ad-Hoc|x86.Build.0 = Release|Any CPU
		{192F4671-043C-4A12-8F59-3D3E3ED85A25}.AppStore|Any CPU.ActiveCfg = Release|Any CPU
		{192F4671-043C-4A12-8F59-3D3E3ED85A25}.AppStore|Any CPU.Build.0 = Release|Any CPU
		{192F4671-043C-4A12-8F59-3D3E3ED85A25}.AppStore|ARM.ActiveCfg = Release|Any CPU
		{192F4671-043C-4A12-8F59-3D3E3ED85A25}.AppStore|ARM.Build.0 = Release|Any CPU
		{192F4671-043C-4A12-8F59-3D3E3ED85A25}.AppStore|iPhone.ActiveCfg = Release|Any CPU
		{192F4671-043C-4A12-8F59-3D3E3ED85A25}.AppStore|iPhone.Build.0 = Release|Any CPU
		{192F4671-043C-4A12-8F59-3D3E3ED85A25}.AppStore|iPhoneSimulator.ActiveCfg = Release|Any CPU
		{192F4671-043C-4A12-8F59-3D3E3ED85A25}.AppStore|iPhoneSimulator.Build.0 = Release|Any CPU
		{192F4671-043C-4A12-8F59-3D3E3ED85A25}.AppStore|x64.ActiveCfg = Release|Any CPU
		{192F4671-043C-4A12-8F59-3D3E3ED85A25}.AppStore|x64.Build.0 = Release|Any CPU
		{192F4671-043C-4A12-8F59-3D3E3ED85A25}.AppStore|x86.ActiveCfg = Release|Any CPU
		{192F4671-043C-4A12-8F59-3D3E3ED85A25}.AppStore|x86.Build.0 = Release|Any CPU
		{192F4671-043C-4A12-8F59-3D3E3ED85A25}.Debug|Any CPU.ActiveCfg = Debug|Any CPU
		{192F4671-043C-4A12-8F59-3D3E3ED85A25}.Debug|Any CPU.Build.0 = Debug|Any CPU
		{192F4671-043C-4A12-8F59-3D3E3ED85A25}.Debug|ARM.ActiveCfg = Debug|Any CPU
		{192F4671-043C-4A12-8F59-3D3E3ED85A25}.Debug|ARM.Build.0 = Debug|Any CPU
		{192F4671-043C-4A12-8F59-3D3E3ED85A25}.Debug|iPhone.ActiveCfg = Debug|Any CPU
		{192F4671-043C-4A12-8F59-3D3E3ED85A25}.Debug|iPhone.Build.0 = Debug|Any CPU
		{192F4671-043C-4A12-8F59-3D3E3ED85A25}.Debug|iPhoneSimulator.ActiveCfg = Debug|Any CPU
		{192F4671-043C-4A12-8F59-3D3E3ED85A25}.Debug|iPhoneSimulator.Build.0 = Debug|Any CPU
		{192F4671-043C-4A12-8F59-3D3E3ED85A25}.Debug|x64.ActiveCfg = Debug|Any CPU
		{192F4671-043C-4A12-8F59-3D3E3ED85A25}.Debug|x64.Build.0 = Debug|Any CPU
		{192F4671-043C-4A12-8F59-3D3E3ED85A25}.Debug|x86.ActiveCfg = Debug|Any CPU
		{192F4671-043C-4A12-8F59-3D3E3ED85A25}.Debug|x86.Build.0 = Debug|Any CPU
		{192F4671-043C-4A12-8F59-3D3E3ED85A25}.Release|Any CPU.ActiveCfg = Release|Any CPU
		{192F4671-043C-4A12-8F59-3D3E3ED85A25}.Release|Any CPU.Build.0 = Release|Any CPU
		{192F4671-043C-4A12-8F59-3D3E3ED85A25}.Release|ARM.ActiveCfg = Release|Any CPU
		{192F4671-043C-4A12-8F59-3D3E3ED85A25}.Release|ARM.Build.0 = Release|Any CPU
		{192F4671-043C-4A12-8F59-3D3E3ED85A25}.Release|iPhone.ActiveCfg = Release|Any CPU
		{192F4671-043C-4A12-8F59-3D3E3ED85A25}.Release|iPhone.Build.0 = Release|Any CPU
		{192F4671-043C-4A12-8F59-3D3E3ED85A25}.Release|iPhoneSimulator.ActiveCfg = Release|Any CPU
		{192F4671-043C-4A12-8F59-3D3E3ED85A25}.Release|iPhoneSimulator.Build.0 = Release|Any CPU
		{192F4671-043C-4A12-8F59-3D3E3ED85A25}.Release|x64.ActiveCfg = Release|Any CPU
		{192F4671-043C-4A12-8F59-3D3E3ED85A25}.Release|x64.Build.0 = Release|Any CPU
		{192F4671-043C-4A12-8F59-3D3E3ED85A25}.Release|x86.ActiveCfg = Release|Any CPU
		{192F4671-043C-4A12-8F59-3D3E3ED85A25}.Release|x86.Build.0 = Release|Any CPU
		{8038DF65-AA47-456C-8090-A42FA8F7CC87}.Ad-Hoc|Any CPU.ActiveCfg = Release|Any CPU
		{8038DF65-AA47-456C-8090-A42FA8F7CC87}.Ad-Hoc|Any CPU.Build.0 = Release|Any CPU
		{8038DF65-AA47-456C-8090-A42FA8F7CC87}.Ad-Hoc|ARM.ActiveCfg = Release|Any CPU
		{8038DF65-AA47-456C-8090-A42FA8F7CC87}.Ad-Hoc|ARM.Build.0 = Release|Any CPU
		{8038DF65-AA47-456C-8090-A42FA8F7CC87}.Ad-Hoc|iPhone.ActiveCfg = Release|Any CPU
		{8038DF65-AA47-456C-8090-A42FA8F7CC87}.Ad-Hoc|iPhone.Build.0 = Release|Any CPU
		{8038DF65-AA47-456C-8090-A42FA8F7CC87}.Ad-Hoc|iPhoneSimulator.ActiveCfg = Release|Any CPU
		{8038DF65-AA47-456C-8090-A42FA8F7CC87}.Ad-Hoc|iPhoneSimulator.Build.0 = Release|Any CPU
		{8038DF65-AA47-456C-8090-A42FA8F7CC87}.Ad-Hoc|x64.ActiveCfg = Release|Any CPU
		{8038DF65-AA47-456C-8090-A42FA8F7CC87}.Ad-Hoc|x64.Build.0 = Release|Any CPU
		{8038DF65-AA47-456C-8090-A42FA8F7CC87}.Ad-Hoc|x86.ActiveCfg = Release|Any CPU
		{8038DF65-AA47-456C-8090-A42FA8F7CC87}.Ad-Hoc|x86.Build.0 = Release|Any CPU
		{8038DF65-AA47-456C-8090-A42FA8F7CC87}.AppStore|Any CPU.ActiveCfg = Release|Any CPU
		{8038DF65-AA47-456C-8090-A42FA8F7CC87}.AppStore|Any CPU.Build.0 = Release|Any CPU
		{8038DF65-AA47-456C-8090-A42FA8F7CC87}.AppStore|ARM.ActiveCfg = Release|Any CPU
		{8038DF65-AA47-456C-8090-A42FA8F7CC87}.AppStore|ARM.Build.0 = Release|Any CPU
		{8038DF65-AA47-456C-8090-A42FA8F7CC87}.AppStore|iPhone.ActiveCfg = Release|Any CPU
		{8038DF65-AA47-456C-8090-A42FA8F7CC87}.AppStore|iPhone.Build.0 = Release|Any CPU
		{8038DF65-AA47-456C-8090-A42FA8F7CC87}.AppStore|iPhoneSimulator.ActiveCfg = Release|Any CPU
		{8038DF65-AA47-456C-8090-A42FA8F7CC87}.AppStore|iPhoneSimulator.Build.0 = Release|Any CPU
		{8038DF65-AA47-456C-8090-A42FA8F7CC87}.AppStore|x64.ActiveCfg = Release|Any CPU
		{8038DF65-AA47-456C-8090-A42FA8F7CC87}.AppStore|x64.Build.0 = Release|Any CPU
		{8038DF65-AA47-456C-8090-A42FA8F7CC87}.AppStore|x86.ActiveCfg = Release|Any CPU
		{8038DF65-AA47-456C-8090-A42FA8F7CC87}.AppStore|x86.Build.0 = Release|Any CPU
		{8038DF65-AA47-456C-8090-A42FA8F7CC87}.Debug|Any CPU.ActiveCfg = Debug|Any CPU
		{8038DF65-AA47-456C-8090-A42FA8F7CC87}.Debug|Any CPU.Build.0 = Debug|Any CPU
		{8038DF65-AA47-456C-8090-A42FA8F7CC87}.Debug|Any CPU.Deploy.0 = Debug|Any CPU
		{8038DF65-AA47-456C-8090-A42FA8F7CC87}.Debug|ARM.ActiveCfg = Debug|Any CPU
		{8038DF65-AA47-456C-8090-A42FA8F7CC87}.Debug|ARM.Build.0 = Debug|Any CPU
		{8038DF65-AA47-456C-8090-A42FA8F7CC87}.Debug|iPhone.ActiveCfg = Debug|Any CPU
		{8038DF65-AA47-456C-8090-A42FA8F7CC87}.Debug|iPhone.Build.0 = Debug|Any CPU
		{8038DF65-AA47-456C-8090-A42FA8F7CC87}.Debug|iPhoneSimulator.ActiveCfg = Debug|Any CPU
		{8038DF65-AA47-456C-8090-A42FA8F7CC87}.Debug|iPhoneSimulator.Build.0 = Debug|Any CPU
		{8038DF65-AA47-456C-8090-A42FA8F7CC87}.Debug|x64.ActiveCfg = Debug|Any CPU
		{8038DF65-AA47-456C-8090-A42FA8F7CC87}.Debug|x64.Build.0 = Debug|Any CPU
		{8038DF65-AA47-456C-8090-A42FA8F7CC87}.Debug|x86.ActiveCfg = Debug|Any CPU
		{8038DF65-AA47-456C-8090-A42FA8F7CC87}.Debug|x86.Build.0 = Debug|Any CPU
		{8038DF65-AA47-456C-8090-A42FA8F7CC87}.Release|Any CPU.ActiveCfg = Release|Any CPU
		{8038DF65-AA47-456C-8090-A42FA8F7CC87}.Release|Any CPU.Build.0 = Release|Any CPU
		{8038DF65-AA47-456C-8090-A42FA8F7CC87}.Release|Any CPU.Deploy.0 = Release|Any CPU
		{8038DF65-AA47-456C-8090-A42FA8F7CC87}.Release|ARM.ActiveCfg = Release|Any CPU
		{8038DF65-AA47-456C-8090-A42FA8F7CC87}.Release|ARM.Build.0 = Release|Any CPU
		{8038DF65-AA47-456C-8090-A42FA8F7CC87}.Release|iPhone.ActiveCfg = Release|Any CPU
		{8038DF65-AA47-456C-8090-A42FA8F7CC87}.Release|iPhone.Build.0 = Release|Any CPU
		{8038DF65-AA47-456C-8090-A42FA8F7CC87}.Release|iPhoneSimulator.ActiveCfg = Release|Any CPU
		{8038DF65-AA47-456C-8090-A42FA8F7CC87}.Release|iPhoneSimulator.Build.0 = Release|Any CPU
		{8038DF65-AA47-456C-8090-A42FA8F7CC87}.Release|x64.ActiveCfg = Release|Any CPU
		{8038DF65-AA47-456C-8090-A42FA8F7CC87}.Release|x64.Build.0 = Release|Any CPU
		{8038DF65-AA47-456C-8090-A42FA8F7CC87}.Release|x86.ActiveCfg = Release|Any CPU
		{8038DF65-AA47-456C-8090-A42FA8F7CC87}.Release|x86.Build.0 = Release|Any CPU
		{9C25C08C-D6C9-4A64-8B32-F47B1880EE96}.Ad-Hoc|Any CPU.ActiveCfg = Release|Any CPU
		{9C25C08C-D6C9-4A64-8B32-F47B1880EE96}.Ad-Hoc|Any CPU.Build.0 = Release|Any CPU
		{9C25C08C-D6C9-4A64-8B32-F47B1880EE96}.Ad-Hoc|ARM.ActiveCfg = Release|Any CPU
		{9C25C08C-D6C9-4A64-8B32-F47B1880EE96}.Ad-Hoc|ARM.Build.0 = Release|Any CPU
		{9C25C08C-D6C9-4A64-8B32-F47B1880EE96}.Ad-Hoc|iPhone.ActiveCfg = Release|Any CPU
		{9C25C08C-D6C9-4A64-8B32-F47B1880EE96}.Ad-Hoc|iPhone.Build.0 = Release|Any CPU
		{9C25C08C-D6C9-4A64-8B32-F47B1880EE96}.Ad-Hoc|iPhoneSimulator.ActiveCfg = Release|Any CPU
		{9C25C08C-D6C9-4A64-8B32-F47B1880EE96}.Ad-Hoc|iPhoneSimulator.Build.0 = Release|Any CPU
		{9C25C08C-D6C9-4A64-8B32-F47B1880EE96}.Ad-Hoc|x64.ActiveCfg = Release|Any CPU
		{9C25C08C-D6C9-4A64-8B32-F47B1880EE96}.Ad-Hoc|x64.Build.0 = Release|Any CPU
		{9C25C08C-D6C9-4A64-8B32-F47B1880EE96}.Ad-Hoc|x86.ActiveCfg = Release|Any CPU
		{9C25C08C-D6C9-4A64-8B32-F47B1880EE96}.Ad-Hoc|x86.Build.0 = Release|Any CPU
		{9C25C08C-D6C9-4A64-8B32-F47B1880EE96}.AppStore|Any CPU.ActiveCfg = Release|Any CPU
		{9C25C08C-D6C9-4A64-8B32-F47B1880EE96}.AppStore|Any CPU.Build.0 = Release|Any CPU
		{9C25C08C-D6C9-4A64-8B32-F47B1880EE96}.AppStore|ARM.ActiveCfg = Release|Any CPU
		{9C25C08C-D6C9-4A64-8B32-F47B1880EE96}.AppStore|ARM.Build.0 = Release|Any CPU
		{9C25C08C-D6C9-4A64-8B32-F47B1880EE96}.AppStore|iPhone.ActiveCfg = Release|Any CPU
		{9C25C08C-D6C9-4A64-8B32-F47B1880EE96}.AppStore|iPhone.Build.0 = Release|Any CPU
		{9C25C08C-D6C9-4A64-8B32-F47B1880EE96}.AppStore|iPhoneSimulator.ActiveCfg = Release|Any CPU
		{9C25C08C-D6C9-4A64-8B32-F47B1880EE96}.AppStore|iPhoneSimulator.Build.0 = Release|Any CPU
		{9C25C08C-D6C9-4A64-8B32-F47B1880EE96}.AppStore|x64.ActiveCfg = Release|Any CPU
		{9C25C08C-D6C9-4A64-8B32-F47B1880EE96}.AppStore|x64.Build.0 = Release|Any CPU
		{9C25C08C-D6C9-4A64-8B32-F47B1880EE96}.AppStore|x86.ActiveCfg = Release|Any CPU
		{9C25C08C-D6C9-4A64-8B32-F47B1880EE96}.AppStore|x86.Build.0 = Release|Any CPU
		{9C25C08C-D6C9-4A64-8B32-F47B1880EE96}.Debug|Any CPU.ActiveCfg = Debug|Any CPU
		{9C25C08C-D6C9-4A64-8B32-F47B1880EE96}.Debug|Any CPU.Build.0 = Debug|Any CPU
		{9C25C08C-D6C9-4A64-8B32-F47B1880EE96}.Debug|ARM.ActiveCfg = Debug|Any CPU
		{9C25C08C-D6C9-4A64-8B32-F47B1880EE96}.Debug|ARM.Build.0 = Debug|Any CPU
		{9C25C08C-D6C9-4A64-8B32-F47B1880EE96}.Debug|iPhone.ActiveCfg = Debug|Any CPU
		{9C25C08C-D6C9-4A64-8B32-F47B1880EE96}.Debug|iPhone.Build.0 = Debug|Any CPU
		{9C25C08C-D6C9-4A64-8B32-F47B1880EE96}.Debug|iPhoneSimulator.ActiveCfg = Debug|Any CPU
		{9C25C08C-D6C9-4A64-8B32-F47B1880EE96}.Debug|iPhoneSimulator.Build.0 = Debug|Any CPU
		{9C25C08C-D6C9-4A64-8B32-F47B1880EE96}.Debug|x64.ActiveCfg = Debug|Any CPU
		{9C25C08C-D6C9-4A64-8B32-F47B1880EE96}.Debug|x64.Build.0 = Debug|Any CPU
		{9C25C08C-D6C9-4A64-8B32-F47B1880EE96}.Debug|x86.ActiveCfg = Debug|Any CPU
		{9C25C08C-D6C9-4A64-8B32-F47B1880EE96}.Debug|x86.Build.0 = Debug|Any CPU
		{9C25C08C-D6C9-4A64-8B32-F47B1880EE96}.Release|Any CPU.ActiveCfg = Release|Any CPU
		{9C25C08C-D6C9-4A64-8B32-F47B1880EE96}.Release|Any CPU.Build.0 = Release|Any CPU
		{9C25C08C-D6C9-4A64-8B32-F47B1880EE96}.Release|ARM.ActiveCfg = Release|Any CPU
		{9C25C08C-D6C9-4A64-8B32-F47B1880EE96}.Release|ARM.Build.0 = Release|Any CPU
		{9C25C08C-D6C9-4A64-8B32-F47B1880EE96}.Release|iPhone.ActiveCfg = Release|Any CPU
		{9C25C08C-D6C9-4A64-8B32-F47B1880EE96}.Release|iPhone.Build.0 = Release|Any CPU
		{9C25C08C-D6C9-4A64-8B32-F47B1880EE96}.Release|iPhoneSimulator.ActiveCfg = Release|Any CPU
		{9C25C08C-D6C9-4A64-8B32-F47B1880EE96}.Release|iPhoneSimulator.Build.0 = Release|Any CPU
		{9C25C08C-D6C9-4A64-8B32-F47B1880EE96}.Release|x64.ActiveCfg = Release|Any CPU
		{9C25C08C-D6C9-4A64-8B32-F47B1880EE96}.Release|x64.Build.0 = Release|Any CPU
		{9C25C08C-D6C9-4A64-8B32-F47B1880EE96}.Release|x86.ActiveCfg = Release|Any CPU
		{9C25C08C-D6C9-4A64-8B32-F47B1880EE96}.Release|x86.Build.0 = Release|Any CPU
		{3D94361B-5168-452B-8407-9DD199DE20C4}.Ad-Hoc|Any CPU.ActiveCfg = Release|x64
		{3D94361B-5168-452B-8407-9DD199DE20C4}.Ad-Hoc|Any CPU.Build.0 = Release|x64
		{3D94361B-5168-452B-8407-9DD199DE20C4}.Ad-Hoc|Any CPU.Deploy.0 = Release|x64
		{3D94361B-5168-452B-8407-9DD199DE20C4}.Ad-Hoc|ARM.ActiveCfg = Release|ARM
		{3D94361B-5168-452B-8407-9DD199DE20C4}.Ad-Hoc|ARM.Build.0 = Release|ARM
		{3D94361B-5168-452B-8407-9DD199DE20C4}.Ad-Hoc|ARM.Deploy.0 = Release|ARM
		{3D94361B-5168-452B-8407-9DD199DE20C4}.Ad-Hoc|ARM64.ActiveCfg = Release|ARM64
		{3D94361B-5168-452B-8407-9DD199DE20C4}.Ad-Hoc|ARM64.Build.0 = Release|ARM64
		{3D94361B-5168-452B-8407-9DD199DE20C4}.Ad-Hoc|ARM64.Deploy.0 = Release|ARM64
		{3D94361B-5168-452B-8407-9DD199DE20C4}.Ad-Hoc|iPhone.ActiveCfg = Release|x64
		{3D94361B-5168-452B-8407-9DD199DE20C4}.Ad-Hoc|iPhone.Build.0 = Release|x64
		{3D94361B-5168-452B-8407-9DD199DE20C4}.Ad-Hoc|iPhone.Deploy.0 = Release|x64
		{3D94361B-5168-452B-8407-9DD199DE20C4}.Ad-Hoc|iPhoneSimulator.ActiveCfg = Release|x64
		{3D94361B-5168-452B-8407-9DD199DE20C4}.Ad-Hoc|iPhoneSimulator.Build.0 = Release|x64
		{3D94361B-5168-452B-8407-9DD199DE20C4}.Ad-Hoc|iPhoneSimulator.Deploy.0 = Release|x64
		{3D94361B-5168-452B-8407-9DD199DE20C4}.Ad-Hoc|x64.ActiveCfg = Release|x64
		{3D94361B-5168-452B-8407-9DD199DE20C4}.Ad-Hoc|x64.Build.0 = Release|x64
		{3D94361B-5168-452B-8407-9DD199DE20C4}.Ad-Hoc|x64.Deploy.0 = Release|x64
		{3D94361B-5168-452B-8407-9DD199DE20C4}.Ad-Hoc|x86.ActiveCfg = Release|x86
		{3D94361B-5168-452B-8407-9DD199DE20C4}.Ad-Hoc|x86.Build.0 = Release|x86
		{3D94361B-5168-452B-8407-9DD199DE20C4}.Ad-Hoc|x86.Deploy.0 = Release|x86
		{3D94361B-5168-452B-8407-9DD199DE20C4}.AppStore|Any CPU.ActiveCfg = Release|x64
		{3D94361B-5168-452B-8407-9DD199DE20C4}.AppStore|Any CPU.Build.0 = Release|x64
		{3D94361B-5168-452B-8407-9DD199DE20C4}.AppStore|Any CPU.Deploy.0 = Release|x64
		{3D94361B-5168-452B-8407-9DD199DE20C4}.AppStore|ARM.ActiveCfg = Release|ARM
		{3D94361B-5168-452B-8407-9DD199DE20C4}.AppStore|ARM.Build.0 = Release|ARM
		{3D94361B-5168-452B-8407-9DD199DE20C4}.AppStore|ARM.Deploy.0 = Release|ARM
		{3D94361B-5168-452B-8407-9DD199DE20C4}.AppStore|ARM64.ActiveCfg = Release|ARM64
		{3D94361B-5168-452B-8407-9DD199DE20C4}.AppStore|ARM64.Build.0 = Release|ARM64
		{3D94361B-5168-452B-8407-9DD199DE20C4}.AppStore|ARM64.Deploy.0 = Release|ARM64
		{3D94361B-5168-452B-8407-9DD199DE20C4}.AppStore|iPhone.ActiveCfg = Release|x64
		{3D94361B-5168-452B-8407-9DD199DE20C4}.AppStore|iPhone.Build.0 = Release|x64
		{3D94361B-5168-452B-8407-9DD199DE20C4}.AppStore|iPhone.Deploy.0 = Release|x64
		{3D94361B-5168-452B-8407-9DD199DE20C4}.AppStore|iPhoneSimulator.ActiveCfg = Release|x64
		{3D94361B-5168-452B-8407-9DD199DE20C4}.AppStore|iPhoneSimulator.Build.0 = Release|x64
		{3D94361B-5168-452B-8407-9DD199DE20C4}.AppStore|iPhoneSimulator.Deploy.0 = Release|x64
		{3D94361B-5168-452B-8407-9DD199DE20C4}.AppStore|x64.ActiveCfg = Release|x64
		{3D94361B-5168-452B-8407-9DD199DE20C4}.AppStore|x64.Build.0 = Release|x64
		{3D94361B-5168-452B-8407-9DD199DE20C4}.AppStore|x64.Deploy.0 = Release|x64
		{3D94361B-5168-452B-8407-9DD199DE20C4}.AppStore|x86.ActiveCfg = Release|x86
		{3D94361B-5168-452B-8407-9DD199DE20C4}.AppStore|x86.Build.0 = Release|x86
		{3D94361B-5168-452B-8407-9DD199DE20C4}.AppStore|x86.Deploy.0 = Release|x86
		{3D94361B-5168-452B-8407-9DD199DE20C4}.Debug|Any CPU.ActiveCfg = Debug|x86
		{3D94361B-5168-452B-8407-9DD199DE20C4}.Debug|ARM.ActiveCfg = Debug|ARM
		{3D94361B-5168-452B-8407-9DD199DE20C4}.Debug|ARM.Build.0 = Debug|ARM
		{3D94361B-5168-452B-8407-9DD199DE20C4}.Debug|ARM.Deploy.0 = Debug|ARM
		{3D94361B-5168-452B-8407-9DD199DE20C4}.Debug|ARM64.ActiveCfg = Debug|ARM64
		{3D94361B-5168-452B-8407-9DD199DE20C4}.Debug|ARM64.Build.0 = Debug|ARM64
		{3D94361B-5168-452B-8407-9DD199DE20C4}.Debug|ARM64.Deploy.0 = Debug|ARM64
		{3D94361B-5168-452B-8407-9DD199DE20C4}.Debug|iPhone.ActiveCfg = Debug|x86
		{3D94361B-5168-452B-8407-9DD199DE20C4}.Debug|iPhoneSimulator.ActiveCfg = Debug|x86
		{3D94361B-5168-452B-8407-9DD199DE20C4}.Debug|x64.ActiveCfg = Debug|x64
		{3D94361B-5168-452B-8407-9DD199DE20C4}.Debug|x64.Build.0 = Debug|x64
		{3D94361B-5168-452B-8407-9DD199DE20C4}.Debug|x64.Deploy.0 = Debug|x64
		{3D94361B-5168-452B-8407-9DD199DE20C4}.Debug|x86.ActiveCfg = Debug|x86
		{3D94361B-5168-452B-8407-9DD199DE20C4}.Debug|x86.Build.0 = Debug|x86
		{3D94361B-5168-452B-8407-9DD199DE20C4}.Debug|x86.Deploy.0 = Debug|x86
		{3D94361B-5168-452B-8407-9DD199DE20C4}.Release|Any CPU.ActiveCfg = Release|x86
		{3D94361B-5168-452B-8407-9DD199DE20C4}.Release|ARM.ActiveCfg = Release|ARM
		{3D94361B-5168-452B-8407-9DD199DE20C4}.Release|ARM.Build.0 = Release|ARM
		{3D94361B-5168-452B-8407-9DD199DE20C4}.Release|ARM.Deploy.0 = Release|ARM
		{3D94361B-5168-452B-8407-9DD199DE20C4}.Release|ARM64.ActiveCfg = Release|ARM64
		{3D94361B-5168-452B-8407-9DD199DE20C4}.Release|ARM64.Build.0 = Release|ARM64
		{3D94361B-5168-452B-8407-9DD199DE20C4}.Release|ARM64.Deploy.0 = Release|ARM64
		{3D94361B-5168-452B-8407-9DD199DE20C4}.Release|iPhone.ActiveCfg = Release|x86
		{3D94361B-5168-452B-8407-9DD199DE20C4}.Release|iPhoneSimulator.ActiveCfg = Release|x86
		{3D94361B-5168-452B-8407-9DD199DE20C4}.Release|x64.ActiveCfg = Release|x64
		{3D94361B-5168-452B-8407-9DD199DE20C4}.Release|x64.Build.0 = Release|x64
		{3D94361B-5168-452B-8407-9DD199DE20C4}.Release|x64.Deploy.0 = Release|x64
		{3D94361B-5168-452B-8407-9DD199DE20C4}.Release|x86.ActiveCfg = Release|x86
		{3D94361B-5168-452B-8407-9DD199DE20C4}.Release|x86.Build.0 = Release|x86
		{3D94361B-5168-452B-8407-9DD199DE20C4}.Release|x86.Deploy.0 = Release|x86
	EndGlobalSection
	GlobalSection(SolutionProperties) = preSolution
		HideSolutionNode = FALSE
	EndGlobalSection
	GlobalSection(ExtensibilityGlobals) = postSolution
		SolutionGuid = {F6D05029-56B8-4E45-AF2D-0E76295DDBA2}
	EndGlobalSection
EndGlobal
